
Microsoft Visual Studio Solution File, Format Version 12.00
# Visual Studio 15
VisualStudioVersion = 15.0.28307.136
MinimumVisualStudioVersion = 10.0.40219.1
Project("{FAE04EC0-301F-11D3-BF4B-00C04F79EFBC}") = "ocExApi.V2", "ocExApi.V2\ocExApi.V2.csproj", "{D50DF188-A08F-4A10-B6D1-AE5E963C3388}"
EndProject
Global
	GlobalSection(SolutionConfigurationPlatforms) = preSolution
		Debug|Any CPU = Debug|Any CPU
		Release|Any CPU = Release|Any CPU
	EndGlobalSection
	GlobalSection(ProjectConfigurationPlatforms) = postSolution
		{D50DF188-A08F-4A10-B6D1-AE5E963C3388}.Debug|Any CPU.ActiveCfg = Debug|Any CPU
		{D50DF188-A08F-4A10-B6D1-AE5E963C3388}.Debug|Any CPU.Build.0 = Debug|Any CPU
		{D50DF188-A08F-4A10-B6D1-AE5E963C3388}.Release|Any CPU.ActiveCfg = Release|Any CPU
		{D50DF188-A08F-4A10-B6D1-AE5E963C3388}.Release|Any CPU.Build.0 = Release|Any CPU
	EndGlobalSection
	GlobalSection(SolutionProperties) = preSolution
		HideSolutionNode = FALSE
	EndGlobalSection
	GlobalSection(ExtensibilityGlobals) = postSolution
		SolutionGuid = {376F5D97-58C8-4386-BD7C-677F80156EDF}
	EndGlobalSection
EndGlobal
